// !$*UTF8*$!
{
	archiveVersion = 1;
	classes = {
	};
	objectVersion = 50;
	objects = {

/* Begin PBXBuildFile section */
		107BE4A559F02EFF14E971E9 /* Pods_Notoryou_Showroom.framework in Frameworks */ = {isa = PBXBuildFile; fileRef = B92898CA4BC10B7052E8A437 /* Pods_Notoryou_Showroom.framework */; };
		B95B0F7120A2E25200159A2B /* AddViewController.swift in Sources */ = {isa = PBXBuildFile; fileRef = B95B0F6F20A2E25200159A2B /* AddViewController.swift */; };
		B95B0F7220A2E25200159A2B /* AddViewController.xib in Resources */ = {isa = PBXBuildFile; fileRef = B95B0F7020A2E25200159A2B /* AddViewController.xib */; };
		B969BBA420A487D100227EA7 /* User.swift in Sources */ = {isa = PBXBuildFile; fileRef = B969BBA320A487D100227EA7 /* User.swift */; };
		B969BBA620A4C5C800227EA7 /* ArrayFilter.swift in Sources */ = {isa = PBXBuildFile; fileRef = B969BBA520A4C5C800227EA7 /* ArrayFilter.swift */; };
		B969BBA920A4E21200227EA7 /* UserAlert.swift in Sources */ = {isa = PBXBuildFile; fileRef = B969BBA820A4E21200227EA7 /* UserAlert.swift */; };
		B96C83CC20A352A40022D1F9 /* GoogleService-Info.plist in Resources */ = {isa = PBXBuildFile; fileRef = B96C83CB20A352A40022D1F9 /* GoogleService-Info.plist */; };
		B96C83CE20A3539B0022D1F9 /* FirebaseManager.swift in Sources */ = {isa = PBXBuildFile; fileRef = B96C83CD20A3539B0022D1F9 /* FirebaseManager.swift */; };
		B9D1CEF520A201FF00B3F8B3 /* AppDelegate.swift in Sources */ = {isa = PBXBuildFile; fileRef = B9D1CEF420A201FF00B3F8B3 /* AppDelegate.swift */; };
		B9D1CEFC20A2020200B3F8B3 /* Assets.xcassets in Resources */ = {isa = PBXBuildFile; fileRef = B9D1CEFB20A2020200B3F8B3 /* Assets.xcassets */; };
		B9D1CEFF20A2020200B3F8B3 /* LaunchScreen.storyboard in Resources */ = {isa = PBXBuildFile; fileRef = B9D1CEFD20A2020200B3F8B3 /* LaunchScreen.storyboard */; };
		B9D1CF1920A2197D00B3F8B3 /* Show.swift in Sources */ = {isa = PBXBuildFile; fileRef = B9D1CF1820A2197D00B3F8B3 /* Show.swift */; };
		B9D1CF1C20A21ABD00B3F8B3 /* HomeViewController.swift in Sources */ = {isa = PBXBuildFile; fileRef = B9D1CF1A20A21ABD00B3F8B3 /* HomeViewController.swift */; };
		B9D1CF1D20A21ABD00B3F8B3 /* HomeViewController.xib in Resources */ = {isa = PBXBuildFile; fileRef = B9D1CF1B20A21ABD00B3F8B3 /* HomeViewController.xib */; };
		B9D1CF2020A21FA500B3F8B3 /* Showcell.swift in Sources */ = {isa = PBXBuildFile; fileRef = B9D1CF1E20A21FA500B3F8B3 /* Showcell.swift */; };
		B9D1CF2120A21FA500B3F8B3 /* Showcell.xib in Resources */ = {isa = PBXBuildFile; fileRef = B9D1CF1F20A21FA500B3F8B3 /* Showcell.xib */; };
		B9D1CF2420A2206A00B3F8B3 /* PlayerViewController.swift in Sources */ = {isa = PBXBuildFile; fileRef = B9D1CF2220A2206A00B3F8B3 /* PlayerViewController.swift */; };
		B9D1CF2520A2206A00B3F8B3 /* PlayerViewController.xib in Resources */ = {isa = PBXBuildFile; fileRef = B9D1CF2320A2206A00B3F8B3 /* PlayerViewController.xib */; };
		B9D1CF2720A2434400B3F8B3 /* notoryou.js in Resources */ = {isa = PBXBuildFile; fileRef = B9D1CF2620A2434400B3F8B3 /* notoryou.js */; };
/* End PBXBuildFile section */

/* Begin PBXFileReference section */
		283807151FC212EE80B1A756 /* Pods-Notoryou_Showroom.debug.xcconfig */ = {isa = PBXFileReference; includeInIndex = 1; lastKnownFileType = text.xcconfig; name = "Pods-Notoryou_Showroom.debug.xcconfig"; path = "Pods/Target Support Files/Pods-Notoryou_Showroom/Pods-Notoryou_Showroom.debug.xcconfig"; sourceTree = "<group>"; };
		642E0C009A2DEBB2E6669563 /* Pods-Notoryou_Showroom.release.xcconfig */ = {isa = PBXFileReference; includeInIndex = 1; lastKnownFileType = text.xcconfig; name = "Pods-Notoryou_Showroom.release.xcconfig"; path = "Pods/Target Support Files/Pods-Notoryou_Showroom/Pods-Notoryou_Showroom.release.xcconfig"; sourceTree = "<group>"; };
		B92898CA4BC10B7052E8A437 /* Pods_Notoryou_Showroom.framework */ = {isa = PBXFileReference; explicitFileType = wrapper.framework; includeInIndex = 0; path = Pods_Notoryou_Showroom.framework; sourceTree = BUILT_PRODUCTS_DIR; };
		B95B0F6F20A2E25200159A2B /* AddViewController.swift */ = {isa = PBXFileReference; lastKnownFileType = sourcecode.swift; path = AddViewController.swift; sourceTree = "<group>"; };
		B95B0F7020A2E25200159A2B /* AddViewController.xib */ = {isa = PBXFileReference; lastKnownFileType = file.xib; path = AddViewController.xib; sourceTree = "<group>"; };
		B969BBA320A487D100227EA7 /* User.swift */ = {isa = PBXFileReference; lastKnownFileType = sourcecode.swift; path = User.swift; sourceTree = "<group>"; };
		B969BBA520A4C5C800227EA7 /* ArrayFilter.swift */ = {isa = PBXFileReference; lastKnownFileType = sourcecode.swift; path = ArrayFilter.swift; sourceTree = "<group>"; };
		B969BBA820A4E21200227EA7 /* UserAlert.swift */ = {isa = PBXFileReference; lastKnownFileType = sourcecode.swift; path = UserAlert.swift; sourceTree = "<group>"; };
		B96C83CB20A352A40022D1F9 /* GoogleService-Info.plist */ = {isa = PBXFileReference; fileEncoding = 4; lastKnownFileType = text.plist.xml; path = "GoogleService-Info.plist"; sourceTree = "<group>"; };
		B96C83CD20A3539B0022D1F9 /* FirebaseManager.swift */ = {isa = PBXFileReference; lastKnownFileType = sourcecode.swift; path = FirebaseManager.swift; sourceTree = "<group>"; };
		B9D1CEF120A201FF00B3F8B3 /* Notoryou_Showroom.app */ = {isa = PBXFileReference; explicitFileType = wrapper.application; includeInIndex = 0; path = Notoryou_Showroom.app; sourceTree = BUILT_PRODUCTS_DIR; };
		B9D1CEF420A201FF00B3F8B3 /* AppDelegate.swift */ = {isa = PBXFileReference; lastKnownFileType = sourcecode.swift; path = AppDelegate.swift; sourceTree = "<group>"; };
		B9D1CEFB20A2020200B3F8B3 /* Assets.xcassets */ = {isa = PBXFileReference; lastKnownFileType = folder.assetcatalog; path = Assets.xcassets; sourceTree = "<group>"; };
		B9D1CEFE20A2020200B3F8B3 /* Base */ = {isa = PBXFileReference; lastKnownFileType = file.storyboard; name = Base; path = Base.lproj/LaunchScreen.storyboard; sourceTree = "<group>"; };
		B9D1CF0020A2020200B3F8B3 /* Info.plist */ = {isa = PBXFileReference; lastKnownFileType = text.plist.xml; path = Info.plist; sourceTree = "<group>"; };
		B9D1CF1820A2197D00B3F8B3 /* Show.swift */ = {isa = PBXFileReference; fileEncoding = 4; lastKnownFileType = sourcecode.swift; path = Show.swift; sourceTree = "<group>"; };
		B9D1CF1A20A21ABD00B3F8B3 /* HomeViewController.swift */ = {isa = PBXFileReference; lastKnownFileType = sourcecode.swift; path = HomeViewController.swift; sourceTree = "<group>"; };
		B9D1CF1B20A21ABD00B3F8B3 /* HomeViewController.xib */ = {isa = PBXFileReference; lastKnownFileType = file.xib; path = HomeViewController.xib; sourceTree = "<group>"; };
		B9D1CF1E20A21FA500B3F8B3 /* Showcell.swift */ = {isa = PBXFileReference; lastKnownFileType = sourcecode.swift; path = Showcell.swift; sourceTree = "<group>"; };
		B9D1CF1F20A21FA500B3F8B3 /* Showcell.xib */ = {isa = PBXFileReference; lastKnownFileType = file.xib; path = Showcell.xib; sourceTree = "<group>"; };
		B9D1CF2220A2206A00B3F8B3 /* PlayerViewController.swift */ = {isa = PBXFileReference; lastKnownFileType = sourcecode.swift; path = PlayerViewController.swift; sourceTree = "<group>"; };
		B9D1CF2320A2206A00B3F8B3 /* PlayerViewController.xib */ = {isa = PBXFileReference; lastKnownFileType = file.xib; path = PlayerViewController.xib; sourceTree = "<group>"; };
		B9D1CF2620A2434400B3F8B3 /* notoryou.js */ = {isa = PBXFileReference; fileEncoding = 4; lastKnownFileType = sourcecode.javascript; path = notoryou.js; sourceTree = "<group>"; };
/* End PBXFileReference section */

/* Begin PBXFrameworksBuildPhase section */
		B9D1CEEE20A201FF00B3F8B3 /* Frameworks */ = {
			isa = PBXFrameworksBuildPhase;
			buildActionMask = 2147483647;
			files = (
				107BE4A559F02EFF14E971E9 /* Pods_Notoryou_Showroom.framework in Frameworks */,
			);
			runOnlyForDeploymentPostprocessing = 0;
		};
/* End PBXFrameworksBuildPhase section */

/* Begin PBXGroup section */
		AEC4271EC40E973094BEDD82 /* Pods */ = {
			isa = PBXGroup;
			children = (
				283807151FC212EE80B1A756 /* Pods-Notoryou_Showroom.debug.xcconfig */,
				642E0C009A2DEBB2E6669563 /* Pods-Notoryou_Showroom.release.xcconfig */,
			);
			name = Pods;
			sourceTree = "<group>";
		};
		B95B0F6E20A2E23800159A2B /* AddVisit */ = {
			isa = PBXGroup;
			children = (
				B95B0F6F20A2E25200159A2B /* AddViewController.swift */,
				B95B0F7020A2E25200159A2B /* AddViewController.xib */,
			);
			path = AddVisit;
			sourceTree = "<group>";
		};
		B969BBA720A4CF6000227EA7 /* Helpers */ = {
			isa = PBXGroup;
			children = (
				B969BBA520A4C5C800227EA7 /* ArrayFilter.swift */,
				B969BBA820A4E21200227EA7 /* UserAlert.swift */,
			);
			path = Helpers;
			sourceTree = "<group>";
		};
		B9D1CEE820A201FF00B3F8B3 = {
			isa = PBXGroup;
			children = (
				B9D1CEF320A201FF00B3F8B3 /* Notoryou_Showroom */,
				B9D1CEF220A201FF00B3F8B3 /* Products */,
				AEC4271EC40E973094BEDD82 /* Pods */,
				FFD230B62D1A46407AD13454 /* Frameworks */,
			);
			sourceTree = "<group>";
		};
		B9D1CEF220A201FF00B3F8B3 /* Products */ = {
			isa = PBXGroup;
			children = (
				B9D1CEF120A201FF00B3F8B3 /* Notoryou_Showroom.app */,
			);
			name = Products;
			sourceTree = "<group>";
		};
		B9D1CEF320A201FF00B3F8B3 /* Notoryou_Showroom */ = {
			isa = PBXGroup;
			children = (
				B96C83CD20A3539B0022D1F9 /* FirebaseManager.swift */,
				B969BBA720A4CF6000227EA7 /* Helpers */,
				B95B0F6E20A2E23800159A2B /* AddVisit */,
				B9D1CF0B20A2029400B3F8B3 /* Home */,
				B9D1CF2B20A2D3B600B3F8B3 /* Player */,
				B9D1CF0620A2026C00B3F8B3 /* SupportingFiles */,
				B9D1CF0020A2020200B3F8B3 /* Info.plist */,
			);
			path = Notoryou_Showroom;
			sourceTree = "<group>";
		};
		B9D1CF0620A2026C00B3F8B3 /* SupportingFiles */ = {
			isa = PBXGroup;
			children = (
				B96C83CB20A352A40022D1F9 /* GoogleService-Info.plist */,
				B9D1CF2620A2434400B3F8B3 /* notoryou.js */,
				B9D1CEF420A201FF00B3F8B3 /* AppDelegate.swift */,
				B9D1CEFB20A2020200B3F8B3 /* Assets.xcassets */,
				B9D1CEFD20A2020200B3F8B3 /* LaunchScreen.storyboard */,
			);
			path = SupportingFiles;
			sourceTree = "<group>";
		};
		B9D1CF0B20A2029400B3F8B3 /* Home */ = {
			isa = PBXGroup;
			children = (
				B9D1CF2A20A2D3A500B3F8B3 /* View */,
				B9D1CF2920A2D39900B3F8B3 /* Controller */,
				B9D1CF2820A2D39000B3F8B3 /* Model */,
			);
			path = Home;
			sourceTree = "<group>";
		};
		B9D1CF2820A2D39000B3F8B3 /* Model */ = {
			isa = PBXGroup;
			children = (
				B9D1CF1820A2197D00B3F8B3 /* Show.swift */,
				B969BBA320A487D100227EA7 /* User.swift */,
			);
			path = Model;
			sourceTree = "<group>";
		};
		B9D1CF2920A2D39900B3F8B3 /* Controller */ = {
			isa = PBXGroup;
			children = (
				B9D1CF1A20A21ABD00B3F8B3 /* HomeViewController.swift */,
			);
			path = Controller;
			sourceTree = "<group>";
		};
		B9D1CF2A20A2D3A500B3F8B3 /* View */ = {
			isa = PBXGroup;
			children = (
				B9D1CF1B20A21ABD00B3F8B3 /* HomeViewController.xib */,
				B9D1CF1E20A21FA500B3F8B3 /* Showcell.swift */,
				B9D1CF1F20A21FA500B3F8B3 /* Showcell.xib */,
			);
			path = View;
			sourceTree = "<group>";
		};
		B9D1CF2B20A2D3B600B3F8B3 /* Player */ = {
			isa = PBXGroup;
			children = (
				B9D1CF2C20A2D3C700B3F8B3 /* Controller */,
				B9D1CF2D20A2D3CE00B3F8B3 /* View */,
			);
			path = Player;
			sourceTree = "<group>";
		};
		B9D1CF2C20A2D3C700B3F8B3 /* Controller */ = {
			isa = PBXGroup;
			children = (
				B9D1CF2220A2206A00B3F8B3 /* PlayerViewController.swift */,
			);
			path = Controller;
			sourceTree = "<group>";
		};
		B9D1CF2D20A2D3CE00B3F8B3 /* View */ = {
			isa = PBXGroup;
			children = (
				B9D1CF2320A2206A00B3F8B3 /* PlayerViewController.xib */,
			);
			path = View;
			sourceTree = "<group>";
		};
		FFD230B62D1A46407AD13454 /* Frameworks */ = {
			isa = PBXGroup;
			children = (
				B92898CA4BC10B7052E8A437 /* Pods_Notoryou_Showroom.framework */,
			);
			name = Frameworks;
			sourceTree = "<group>";
		};
/* End PBXGroup section */

/* Begin PBXNativeTarget section */
		B9D1CEF020A201FF00B3F8B3 /* Notoryou_Showroom */ = {
			isa = PBXNativeTarget;
			buildConfigurationList = B9D1CF0320A2020200B3F8B3 /* Build configuration list for PBXNativeTarget "Notoryou_Showroom" */;
			buildPhases = (
				77BEAF6D139B3551A8690CBB /* [CP] Check Pods Manifest.lock */,
				B9D1CEED20A201FF00B3F8B3 /* Sources */,
				B9D1CEEE20A201FF00B3F8B3 /* Frameworks */,
				B9D1CEEF20A201FF00B3F8B3 /* Resources */,
				3101087A2C22D0C2C4CFA227 /* [CP] Embed Pods Frameworks */,
				62037A37C8056AD58B144564 /* [CP] Copy Pods Resources */,
			);
			buildRules = (
			);
			dependencies = (
			);
			name = Notoryou_Showroom;
			productName = Notoryou_Showroom;
			productReference = B9D1CEF120A201FF00B3F8B3 /* Notoryou_Showroom.app */;
			productType = "com.apple.product-type.application";
		};
/* End PBXNativeTarget section */

/* Begin PBXProject section */
		B9D1CEE920A201FF00B3F8B3 /* Project object */ = {
			isa = PBXProject;
			attributes = {
				LastSwiftUpdateCheck = 0930;
				LastUpgradeCheck = 0930;
				ORGANIZATIONNAME = "Mathieu Janneau";
				TargetAttributes = {
					B9D1CEF020A201FF00B3F8B3 = {
						CreatedOnToolsVersion = 9.3;
					};
				};
			};
			buildConfigurationList = B9D1CEEC20A201FF00B3F8B3 /* Build configuration list for PBXProject "Notoryou_Showroom" */;
			compatibilityVersion = "Xcode 9.3";
			developmentRegion = en;
			hasScannedForEncodings = 0;
			knownRegions = (
				en,
				Base,
			);
			mainGroup = B9D1CEE820A201FF00B3F8B3;
			productRefGroup = B9D1CEF220A201FF00B3F8B3 /* Products */;
			projectDirPath = "";
			projectRoot = "";
			targets = (
				B9D1CEF020A201FF00B3F8B3 /* Notoryou_Showroom */,
			);
		};
/* End PBXProject section */

/* Begin PBXResourcesBuildPhase section */
		B9D1CEEF20A201FF00B3F8B3 /* Resources */ = {
			isa = PBXResourcesBuildPhase;
			buildActionMask = 2147483647;
			files = (
				B9D1CEFF20A2020200B3F8B3 /* LaunchScreen.storyboard in Resources */,
				B9D1CF2720A2434400B3F8B3 /* notoryou.js in Resources */,
				B9D1CF2520A2206A00B3F8B3 /* PlayerViewController.xib in Resources */,
				B9D1CEFC20A2020200B3F8B3 /* Assets.xcassets in Resources */,
				B9D1CF2120A21FA500B3F8B3 /* Showcell.xib in Resources */,
				B95B0F7220A2E25200159A2B /* AddViewController.xib in Resources */,
				B9D1CF1D20A21ABD00B3F8B3 /* HomeViewController.xib in Resources */,
				B96C83CC20A352A40022D1F9 /* GoogleService-Info.plist in Resources */,
			);
			runOnlyForDeploymentPostprocessing = 0;
		};
/* End PBXResourcesBuildPhase section */

/* Begin PBXShellScriptBuildPhase section */
		3101087A2C22D0C2C4CFA227 /* [CP] Embed Pods Frameworks */ = {
			isa = PBXShellScriptBuildPhase;
			buildActionMask = 2147483647;
			files = (
			);
			inputPaths = (
				"${SRCROOT}/Pods/Target Support Files/Pods-Notoryou_Showroom/Pods-Notoryou_Showroom-frameworks.sh",
				"${BUILT_PRODUCTS_DIR}/Alamofire/Alamofire.framework",
				"${BUILT_PRODUCTS_DIR}/GoogleToolboxForMac/GoogleToolboxForMac.framework",
				"${BUILT_PRODUCTS_DIR}/Kanna/Kanna.framework",
				"${BUILT_PRODUCTS_DIR}/SDWebImage/SDWebImage.framework",
				"${BUILT_PRODUCTS_DIR}/leveldb-library/leveldb.framework",
				"${BUILT_PRODUCTS_DIR}/nanopb/nanopb.framework",
			);
			name = "[CP] Embed Pods Frameworks";
			outputPaths = (
				"${TARGET_BUILD_DIR}/${FRAMEWORKS_FOLDER_PATH}/Alamofire.framework",
				"${TARGET_BUILD_DIR}/${FRAMEWORKS_FOLDER_PATH}/GoogleToolboxForMac.framework",
				"${TARGET_BUILD_DIR}/${FRAMEWORKS_FOLDER_PATH}/Kanna.framework",
				"${TARGET_BUILD_DIR}/${FRAMEWORKS_FOLDER_PATH}/SDWebImage.framework",
				"${TARGET_BUILD_DIR}/${FRAMEWORKS_FOLDER_PATH}/leveldb.framework",
				"${TARGET_BUILD_DIR}/${FRAMEWORKS_FOLDER_PATH}/nanopb.framework",
			);
			runOnlyForDeploymentPostprocessing = 0;
			shellPath = /bin/sh;
			shellScript = "\"${SRCROOT}/Pods/Target Support Files/Pods-Notoryou_Showroom/Pods-Notoryou_Showroom-frameworks.sh\"\n";
			showEnvVarsInLog = 0;
		};
		62037A37C8056AD58B144564 /* [CP] Copy Pods Resources */ = {
			isa = PBXShellScriptBuildPhase;
			buildActionMask = 2147483647;
			files = (
			);
			inputPaths = (
			);
			name = "[CP] Copy Pods Resources";
			outputPaths = (
			);
			runOnlyForDeploymentPostprocessing = 0;
			shellPath = /bin/sh;
			shellScript = "\"${SRCROOT}/Pods/Target Support Files/Pods-Notoryou_Showroom/Pods-Notoryou_Showroom-resources.sh\"\n";
			showEnvVarsInLog = 0;
		};
		77BEAF6D139B3551A8690CBB /* [CP] Check Pods Manifest.lock */ = {
			isa = PBXShellScriptBuildPhase;
			buildActionMask = 2147483647;
			files = (
			);
			inputPaths = (
				"${PODS_PODFILE_DIR_PATH}/Podfile.lock",
				"${PODS_ROOT}/Manifest.lock",
			);
			name = "[CP] Check Pods Manifest.lock";
			outputPaths = (
				"$(DERIVED_FILE_DIR)/Pods-Notoryou_Showroom-checkManifestLockResult.txt",
			);
			runOnlyForDeploymentPostprocessing = 0;
			shellPath = /bin/sh;
			shellScript = "diff \"${PODS_PODFILE_DIR_PATH}/Podfile.lock\" \"${PODS_ROOT}/Manifest.lock\" > /dev/null\nif [ $? != 0 ] ; then\n    # print error to STDERR\n    echo \"error: The sandbox is not in sync with the Podfile.lock. Run 'pod install' or update your CocoaPods installation.\" >&2\n    exit 1\nfi\n# This output is used by Xcode 'outputs' to avoid re-running this script phase.\necho \"SUCCESS\" > \"${SCRIPT_OUTPUT_FILE_0}\"\n";
			showEnvVarsInLog = 0;
		};
/* End PBXShellScriptBuildPhase section */

/* Begin PBXSourcesBuildPhase section */
		B9D1CEED20A201FF00B3F8B3 /* Sources */ = {
			isa = PBXSourcesBuildPhase;
			buildActionMask = 2147483647;
			files = (
				B9D1CF1C20A21ABD00B3F8B3 /* HomeViewController.swift in Sources */,
				B9D1CF1920A2197D00B3F8B3 /* Show.swift in Sources */,
				B96C83CE20A3539B0022D1F9 /* FirebaseManager.swift in Sources */,
				B95B0F7120A2E25200159A2B /* AddViewController.swift in Sources */,
				B969BBA420A487D100227EA7 /* User.swift in Sources */,
				B9D1CF2020A21FA500B3F8B3 /* Showcell.swift in Sources */,
				B969BBA620A4C5C800227EA7 /* ArrayFilter.swift in Sources */,
				B9D1CEF520A201FF00B3F8B3 /* AppDelegate.swift in Sources */,
				B9D1CF2420A2206A00B3F8B3 /* PlayerViewController.swift in Sources */,
				B969BBA920A4E21200227EA7 /* UserAlert.swift in Sources */,
			);
			runOnlyForDeploymentPostprocessing = 0;
		};
/* End PBXSourcesBuildPhase section */

/* Begin PBXVariantGroup section */
		B9D1CEFD20A2020200B3F8B3 /* LaunchScreen.storyboard */ = {
			isa = PBXVariantGroup;
			children = (
				B9D1CEFE20A2020200B3F8B3 /* Base */,
			);
			name = LaunchScreen.storyboard;
			sourceTree = "<group>";
		};
/* End PBXVariantGroup section */

/* Begin XCBuildConfiguration section */
		B9D1CF0120A2020200B3F8B3 /* Debug */ = {
			isa = XCBuildConfiguration;
			buildSettings = {
				ALWAYS_SEARCH_USER_PATHS = NO;
				CLANG_ANALYZER_NONNULL = YES;
				CLANG_ANALYZER_NUMBER_OBJECT_CONVERSION = YES_AGGRESSIVE;
				CLANG_CXX_LANGUAGE_STANDARD = "gnu++14";
				CLANG_CXX_LIBRARY = "libc++";
				CLANG_ENABLE_MODULES = YES;
				CLANG_ENABLE_OBJC_ARC = YES;
				CLANG_ENABLE_OBJC_WEAK = YES;
				CLANG_WARN_BLOCK_CAPTURE_AUTORELEASING = YES;
				CLANG_WARN_BOOL_CONVERSION = YES;
				CLANG_WARN_COMMA = YES;
				CLANG_WARN_CONSTANT_CONVERSION = YES;
				CLANG_WARN_DEPRECATED_OBJC_IMPLEMENTATIONS = YES;
				CLANG_WARN_DIRECT_OBJC_ISA_USAGE = YES_ERROR;
				CLANG_WARN_DOCUMENTATION_COMMENTS = YES;
				CLANG_WARN_EMPTY_BODY = YES;
				CLANG_WARN_ENUM_CONVERSION = YES;
				CLANG_WARN_INFINITE_RECURSION = YES;
				CLANG_WARN_INT_CONVERSION = YES;
				CLANG_WARN_NON_LITERAL_NULL_CONVERSION = YES;
				CLANG_WARN_OBJC_IMPLICIT_RETAIN_SELF = YES;
				CLANG_WARN_OBJC_LITERAL_CONVERSION = YES;
				CLANG_WARN_OBJC_ROOT_CLASS = YES_ERROR;
				CLANG_WARN_RANGE_LOOP_ANALYSIS = YES;
				CLANG_WARN_STRICT_PROTOTYPES = YES;
				CLANG_WARN_SUSPICIOUS_MOVE = YES;
				CLANG_WARN_UNGUARDED_AVAILABILITY = YES_AGGRESSIVE;
				CLANG_WARN_UNREACHABLE_CODE = YES;
				CLANG_WARN__DUPLICATE_METHOD_MATCH = YES;
				CODE_SIGN_IDENTITY = "iPhone Developer";
				COPY_PHASE_STRIP = NO;
				DEBUG_INFORMATION_FORMAT = dwarf;
				ENABLE_STRICT_OBJC_MSGSEND = YES;
				ENABLE_TESTABILITY = YES;
				GCC_C_LANGUAGE_STANDARD = gnu11;
				GCC_DYNAMIC_NO_PIC = NO;
				GCC_NO_COMMON_BLOCKS = YES;
				GCC_OPTIMIZATION_LEVEL = 0;
				GCC_PREPROCESSOR_DEFINITIONS = (
					"DEBUG=1",
					"$(inherited)",
				);
				GCC_WARN_64_TO_32_BIT_CONVERSION = YES;
				GCC_WARN_ABOUT_RETURN_TYPE = YES_ERROR;
				GCC_WARN_UNDECLARED_SELECTOR = YES;
				GCC_WARN_UNINITIALIZED_AUTOS = YES_AGGRESSIVE;
				GCC_WARN_UNUSED_FUNCTION = YES;
				GCC_WARN_UNUSED_VARIABLE = YES;
				IPHONEOS_DEPLOYMENT_TARGET = 11.3;
				MTL_ENABLE_DEBUG_INFO = YES;
				ONLY_ACTIVE_ARCH = YES;
				SDKROOT = iphoneos;
				SWIFT_ACTIVE_COMPILATION_CONDITIONS = DEBUG;
				SWIFT_OPTIMIZATION_LEVEL = "-Onone";
			};
			name = Debug;
		};
		B9D1CF0220A2020200B3F8B3 /* Release */ = {
			isa = XCBuildConfiguration;
			buildSettings = {
				ALWAYS_SEARCH_USER_PATHS = NO;
				CLANG_ANALYZER_NONNULL = YES;
				CLANG_ANALYZER_NUMBER_OBJECT_CONVERSION = YES_AGGRESSIVE;
				CLANG_CXX_LANGUAGE_STANDARD = "gnu++14";
				CLANG_CXX_LIBRARY = "libc++";
				CLANG_ENABLE_MODULES = YES;
				CLANG_ENABLE_OBJC_ARC = YES;
				CLANG_ENABLE_OBJC_WEAK = YES;
				CLANG_WARN_BLOCK_CAPTURE_AUTORELEASING = YES;
				CLANG_WARN_BOOL_CONVERSION = YES;
				CLANG_WARN_COMMA = YES;
				CLANG_WARN_CONSTANT_CONVERSION = YES;
				CLANG_WARN_DEPRECATED_OBJC_IMPLEMENTATIONS = YES;
				CLANG_WARN_DIRECT_OBJC_ISA_USAGE = YES_ERROR;
				CLANG_WARN_DOCUMENTATION_COMMENTS = YES;
				CLANG_WARN_EMPTY_BODY = YES;
				CLANG_WARN_ENUM_CONVERSION = YES;
				CLANG_WARN_INFINITE_RECURSION = YES;
				CLANG_WARN_INT_CONVERSION = YES;
				CLANG_WARN_NON_LITERAL_NULL_CONVERSION = YES;
				CLANG_WARN_OBJC_IMPLICIT_RETAIN_SELF = YES;
				CLANG_WARN_OBJC_LITERAL_CONVERSION = YES;
				CLANG_WARN_OBJC_ROOT_CLASS = YES_ERROR;
				CLANG_WARN_RANGE_LOOP_ANALYSIS = YES;
				CLANG_WARN_STRICT_PROTOTYPES = YES;
				CLANG_WARN_SUSPICIOUS_MOVE = YES;
				CLANG_WARN_UNGUARDED_AVAILABILITY = YES_AGGRESSIVE;
				CLANG_WARN_UNREACHABLE_CODE = YES;
				CLANG_WARN__DUPLICATE_METHOD_MATCH = YES;
				CODE_SIGN_IDENTITY = "iPhone Developer";
				COPY_PHASE_STRIP = NO;
				DEBUG_INFORMATION_FORMAT = "dwarf-with-dsym";
				ENABLE_NS_ASSERTIONS = NO;
				ENABLE_STRICT_OBJC_MSGSEND = YES;
				GCC_C_LANGUAGE_STANDARD = gnu11;
				GCC_NO_COMMON_BLOCKS = YES;
				GCC_WARN_64_TO_32_BIT_CONVERSION = YES;
				GCC_WARN_ABOUT_RETURN_TYPE = YES_ERROR;
				GCC_WARN_UNDECLARED_SELECTOR = YES;
				GCC_WARN_UNINITIALIZED_AUTOS = YES_AGGRESSIVE;
				GCC_WARN_UNUSED_FUNCTION = YES;
				GCC_WARN_UNUSED_VARIABLE = YES;
				IPHONEOS_DEPLOYMENT_TARGET = 11.3;
				MTL_ENABLE_DEBUG_INFO = NO;
				SDKROOT = iphoneos;
				SWIFT_COMPILATION_MODE = wholemodule;
				SWIFT_OPTIMIZATION_LEVEL = "-O";
				VALIDATE_PRODUCT = YES;
			};
			name = Release;
		};
		B9D1CF0420A2020200B3F8B3 /* Debug */ = {
			isa = XCBuildConfiguration;
			baseConfigurationReference = 283807151FC212EE80B1A756 /* Pods-Notoryou_Showroom.debug.xcconfig */;
			buildSettings = {
				ASSETCATALOG_COMPILER_APPICON_NAME = AppIcon;
				CODE_SIGN_STYLE = Automatic;
				DEVELOPMENT_TEAM = V8A9QAD896;
				INFOPLIST_FILE = Notoryou_Showroom/Info.plist;
				LD_RUNPATH_SEARCH_PATHS = (
					"$(inherited)",
					"@executable_path/Frameworks",
				);
				PRODUCT_BUNDLE_IDENTIFIER = "com.mathieujanneau.Notoryou-Showroom";
				PRODUCT_NAME = "$(TARGET_NAME)";
				SWIFT_VERSION = 4.0;
				TARGETED_DEVICE_FAMILY = "1,2";
			};
			name = Debug;
		};
		B9D1CF0520A2020200B3F8B3 /* Release */ = {
			isa = XCBuildConfiguration;
			baseConfigurationReference = 642E0C009A2DEBB2E6669563 /* Pods-Notoryou_Showroom.release.xcconfig */;
			buildSettings = {
				ASSETCATALOG_COMPILER_APPICON_NAME = AppIcon;
				CODE_SIGN_STYLE = Automatic;
				DEVELOPMENT_TEAM = V8A9QAD896;
				INFOPLIST_FILE = Notoryou_Showroom/Info.plist;
				LD_RUNPATH_SEARCH_PATHS = (
					"$(inherited)",
					"@executable_path/Frameworks",
				);
				PRODUCT_BUNDLE_IDENTIFIER = "com.mathieujanneau.Notoryou-Showroom";
				PRODUCT_NAME = "$(TARGET_NAME)";
				SWIFT_VERSION = 4.0;
				TARGETED_DEVICE_FAMILY = "1,2";
			};
			name = Release;
		};
/* End XCBuildConfiguration section */

/* Begin XCConfigurationList section */
		B9D1CEEC20A201FF00B3F8B3 /* Build configuration list for PBXProject "Notoryou_Showroom" */ = {
			isa = XCConfigurationList;
			buildConfigurations = (
				B9D1CF0120A2020200B3F8B3 /* Debug */,
				B9D1CF0220A2020200B3F8B3 /* Release */,
			);
			defaultConfigurationIsVisible = 0;
			defaultConfigurationName = Release;
		};
		B9D1CF0320A2020200B3F8B3 /* Build configuration list for PBXNativeTarget "Notoryou_Showroom" */ = {
			isa = XCConfigurationList;
			buildConfigurations = (
				B9D1CF0420A2020200B3F8B3 /* Debug */,
				B9D1CF0520A2020200B3F8B3 /* Release */,
			);
			defaultConfigurationIsVisible = 0;
			defaultConfigurationName = Release;
		};
/* End XCConfigurationList section */
	};
	rootObject = B9D1CEE920A201FF00B3F8B3 /* Project object */;
}
